
Microsoft Visual Studio Solution File, Format Version 12.00
# Visual Studio Version 17
VisualStudioVersion = 17.4.33103.184
MinimumVisualStudioVersion = 10.0.40219.1
Project("{FAE04EC0-301F-11D3-BF4B-00C04F79EFBC}") = "Vvec.TestCli", "Vvec.TestCli\Vvec.TestCli.csproj", "{48D3AB4D-7A9F-4775-861B-F43280001B3F}"
EndProject
Project("{9A19103F-16F7-4668-BE54-9A1E7A4F7556}") = "Vvec.Cli", "Vvec.Cli\Vvec.Cli.csproj", "{B5830C1E-EB58-48AB-BE12-6BFF6615C9E2}"
EndProject
Global
	GlobalSection(SolutionConfigurationPlatforms) = preSolution
		Debug|Any CPU = Debug|Any CPU
		Release|Any CPU = Release|Any CPU
	EndGlobalSection
	GlobalSection(ProjectConfigurationPlatforms) = postSolution
		{48D3AB4D-7A9F-4775-861B-F43280001B3F}.Debug|Any CPU.ActiveCfg = Debug|Any CPU
		{48D3AB4D-7A9F-4775-861B-F43280001B3F}.Debug|Any CPU.Build.0 = Debug|Any CPU
		{48D3AB4D-7A9F-4775-861B-F43280001B3F}.Release|Any CPU.ActiveCfg = Release|Any CPU
		{48D3AB4D-7A9F-4775-861B-F43280001B3F}.Release|Any CPU.Build.0 = Release|Any CPU
		{B5830C1E-EB58-48AB-BE12-6BFF6615C9E2}.Debug|Any CPU.ActiveCfg = Debug|Any CPU
		{B5830C1E-EB58-48AB-BE12-6BFF6615C9E2}.Debug|Any CPU.Build.0 = Debug|Any CPU
		{B5830C1E-EB58-48AB-BE12-6BFF6615C9E2}.Release|Any CPU.ActiveCfg = Release|Any CPU
		{B5830C1E-EB58-48AB-BE12-6BFF6615C9E2}.Release|Any CPU.Build.0 = Release|Any CPU
	EndGlobalSection
	GlobalSection(SolutionProperties) = preSolution
		HideSolutionNode = FALSE
	EndGlobalSection
	GlobalSection(ExtensibilityGlobals) = postSolution
		SolutionGuid = {F9A5C325-446F-406D-8430-F5E2D802BE39}
	EndGlobalSection
EndGlobal
